
Microsoft Visual Studio Solution File, Format Version 12.00
# Visual Studio Version 17
VisualStudioVersion = 17.0.31611.283
MinimumVisualStudioVersion = 10.0.40219.1
Project("{9A19103F-16F7-4668-BE54-9A1E7A4F7556}") = "CalculatorModel", "CalculatorModel\CalculatorModel.csproj", "{8842FEA7-3A47-49B2-9608-3B60BDA2D7D5}"
	ProjectSection(ProjectDependencies) = postProject
		{6BEB5870-B3FA-408E-A51B-A5AA8A655E0D} = {6BEB5870-B3FA-408E-A51B-A5AA8A655E0D}
		{C2DD2306-A7B4-4C37-99E3-3B7FCECCBA7D} = {C2DD2306-A7B4-4C37-99E3-3B7FCECCBA7D}
	EndProjectSection
EndProject
Project("{9A19103F-16F7-4668-BE54-9A1E7A4F7556}") = "Profiler", "Profiler\Profiler.csproj", "{5862C000-788D-4FDA-B86D-41268117FFA1}"
	ProjectSection(ProjectDependencies) = postProject
		{6BEB5870-B3FA-408E-A51B-A5AA8A655E0D} = {6BEB5870-B3FA-408E-A51B-A5AA8A655E0D}
	EndProjectSection
EndProject
Project("{9A19103F-16F7-4668-BE54-9A1E7A4F7556}") = "MathLib", "MathLib\MathLib.csproj", "{6BEB5870-B3FA-408E-A51B-A5AA8A655E0D}"
EndProject
Project("{9A19103F-16F7-4668-BE54-9A1E7A4F7556}") = "MathLibUnitTests", "MathLibUnitTests\MathLibUnitTests.csproj", "{5858105A-9B3C-4306-951F-87DFAA435044}"
	ProjectSection(ProjectDependencies) = postProject
		{6BEB5870-B3FA-408E-A51B-A5AA8A655E0D} = {6BEB5870-B3FA-408E-A51B-A5AA8A655E0D}
	EndProjectSection
EndProject
Project("{9A19103F-16F7-4668-BE54-9A1E7A4F7556}") = "MathParser", "MathParser\MathParser.csproj", "{C2DD2306-A7B4-4C37-99E3-3B7FCECCBA7D}"
EndProject
Project("{9A19103F-16F7-4668-BE54-9A1E7A4F7556}") = "CalculatorConsoleUI", "CalculatorConsoleUI\CalculatorConsoleUI.csproj", "{A5427FC8-FCDA-403C-AECD-E72C06BF8C7E}"
EndProject
Project("{9A19103F-16F7-4668-BE54-9A1E7A4F7556}") = "CalculatorDesktopApp", "CalculatorDesktopApp\CalculatorDesktopApp.csproj", "{F5CBA232-8CCC-4B69-AB75-5B7D5FBF059E}"
EndProject
Project("{54435603-DBB4-11D2-8724-00A0C9A8B90C}") = "CalculatorSetup", "CalculatorSetup\CalculatorSetup.vdproj", "{250AB18F-A49B-4F57-B286-56FCC5481633}"
EndProject
Global
	GlobalSection(SolutionConfigurationPlatforms) = preSolution
		Debug|Any CPU = Debug|Any CPU
		Release|Any CPU = Release|Any CPU
	EndGlobalSection
	GlobalSection(ProjectConfigurationPlatforms) = postSolution
		{8842FEA7-3A47-49B2-9608-3B60BDA2D7D5}.Debug|Any CPU.ActiveCfg = Debug|Any CPU
		{8842FEA7-3A47-49B2-9608-3B60BDA2D7D5}.Debug|Any CPU.Build.0 = Debug|Any CPU
		{8842FEA7-3A47-49B2-9608-3B60BDA2D7D5}.Release|Any CPU.ActiveCfg = Release|Any CPU
		{8842FEA7-3A47-49B2-9608-3B60BDA2D7D5}.Release|Any CPU.Build.0 = Release|Any CPU
		{5862C000-788D-4FDA-B86D-41268117FFA1}.Debug|Any CPU.ActiveCfg = Debug|Any CPU
		{5862C000-788D-4FDA-B86D-41268117FFA1}.Debug|Any CPU.Build.0 = Debug|Any CPU
		{5862C000-788D-4FDA-B86D-41268117FFA1}.Release|Any CPU.ActiveCfg = Release|Any CPU
		{5862C000-788D-4FDA-B86D-41268117FFA1}.Release|Any CPU.Build.0 = Release|Any CPU
		{6BEB5870-B3FA-408E-A51B-A5AA8A655E0D}.Debug|Any CPU.ActiveCfg = Debug|Any CPU
		{6BEB5870-B3FA-408E-A51B-A5AA8A655E0D}.Debug|Any CPU.Build.0 = Debug|Any CPU
		{6BEB5870-B3FA-408E-A51B-A5AA8A655E0D}.Release|Any CPU.ActiveCfg = Release|Any CPU
		{6BEB5870-B3FA-408E-A51B-A5AA8A655E0D}.Release|Any CPU.Build.0 = Release|Any CPU
		{5858105A-9B3C-4306-951F-87DFAA435044}.Debug|Any CPU.ActiveCfg = Debug|Any CPU
		{5858105A-9B3C-4306-951F-87DFAA435044}.Debug|Any CPU.Build.0 = Debug|Any CPU
		{5858105A-9B3C-4306-951F-87DFAA435044}.Release|Any CPU.ActiveCfg = Release|Any CPU
		{5858105A-9B3C-4306-951F-87DFAA435044}.Release|Any CPU.Build.0 = Release|Any CPU
		{C2DD2306-A7B4-4C37-99E3-3B7FCECCBA7D}.Debug|Any CPU.ActiveCfg = Debug|Any CPU
		{C2DD2306-A7B4-4C37-99E3-3B7FCECCBA7D}.Debug|Any CPU.Build.0 = Debug|Any CPU
		{C2DD2306-A7B4-4C37-99E3-3B7FCECCBA7D}.Release|Any CPU.ActiveCfg = Release|Any CPU
		{C2DD2306-A7B4-4C37-99E3-3B7FCECCBA7D}.Release|Any CPU.Build.0 = Release|Any CPU
		{A5427FC8-FCDA-403C-AECD-E72C06BF8C7E}.Debug|Any CPU.ActiveCfg = Debug|Any CPU
		{A5427FC8-FCDA-403C-AECD-E72C06BF8C7E}.Debug|Any CPU.Build.0 = Debug|Any CPU
		{A5427FC8-FCDA-403C-AECD-E72C06BF8C7E}.Release|Any CPU.ActiveCfg = Release|Any CPU
		{A5427FC8-FCDA-403C-AECD-E72C06BF8C7E}.Release|Any CPU.Build.0 = Release|Any CPU
		{F5CBA232-8CCC-4B69-AB75-5B7D5FBF059E}.Debug|Any CPU.ActiveCfg = Debug|Any CPU
		{F5CBA232-8CCC-4B69-AB75-5B7D5FBF059E}.Debug|Any CPU.Build.0 = Debug|Any CPU
		{F5CBA232-8CCC-4B69-AB75-5B7D5FBF059E}.Debug|Any CPU.Deploy.0 = Debug|Any CPU
		{F5CBA232-8CCC-4B69-AB75-5B7D5FBF059E}.Release|Any CPU.ActiveCfg = Release|Any CPU
		{F5CBA232-8CCC-4B69-AB75-5B7D5FBF059E}.Release|Any CPU.Build.0 = Release|Any CPU
		{F5CBA232-8CCC-4B69-AB75-5B7D5FBF059E}.Release|Any CPU.Deploy.0 = Release|Any CPU
		{250AB18F-A49B-4F57-B286-56FCC5481633}.Debug|Any CPU.ActiveCfg = Debug
		{250AB18F-A49B-4F57-B286-56FCC5481633}.Release|Any CPU.ActiveCfg = Release
	EndGlobalSection
	GlobalSection(SolutionProperties) = preSolution
		HideSolutionNode = FALSE
	EndGlobalSection
	GlobalSection(ExtensibilityGlobals) = postSolution
		SolutionGuid = {61F7FB11-1E47-470C-91E2-47F8143E1572}
	EndGlobalSection
EndGlobal
